
Microsoft Visual Studio Solution File, Format Version 12.00
# Visual Studio Version 16
VisualStudioVersion = 16.0.31129.286
MinimumVisualStudioVersion = 10.0.40219.1
Project("{FAE04EC0-301F-11D3-BF4B-00C04F79EFBC}") = "Centre D'affaire", "Centre D'affaire\Centre D'affaire.csproj", "{B5D79113-2E71-4F0A-BFD1-D53B39AFB7C6}"
EndProject
Project("{2150E333-8FDC-42A3-9474-1A3956D46DE8}") = "Solution Items", "Solution Items", "{47ACE167-65D3-463E-9096-752B5FDC58D7}"
	ProjectSection(SolutionItems) = preProject
		.editorconfig = .editorconfig
	EndProjectSection
EndProject
Project("{00D1A9C2-B5F0-4AF3-8072-F6C62B433612}") = "Database1", "..\..\..\source\repos\Database1\Database1.sqlproj", "{46D4191C-40B4-4815-8AE6-3EB3A9F1ED57}"
EndProject
Project("{00D1A9C2-B5F0-4AF3-8072-F6C62B433612}") = "Database2", "..\..\..\source\repos\Database2\Database2.sqlproj", "{F81D23CB-502C-450F-B28E-F733CBE03274}"
EndProject
Global
	GlobalSection(SolutionConfigurationPlatforms) = preSolution
		Debug|Any CPU = Debug|Any CPU
		Release|Any CPU = Release|Any CPU
	EndGlobalSection
	GlobalSection(ProjectConfigurationPlatforms) = postSolution
		{B5D79113-2E71-4F0A-BFD1-D53B39AFB7C6}.Debug|Any CPU.ActiveCfg = Debug|Any CPU
		{B5D79113-2E71-4F0A-BFD1-D53B39AFB7C6}.Debug|Any CPU.Build.0 = Debug|Any CPU
		{B5D79113-2E71-4F0A-BFD1-D53B39AFB7C6}.Release|Any CPU.ActiveCfg = Release|Any CPU
		{B5D79113-2E71-4F0A-BFD1-D53B39AFB7C6}.Release|Any CPU.Build.0 = Release|Any CPU
		{46D4191C-40B4-4815-8AE6-3EB3A9F1ED57}.Debug|Any CPU.ActiveCfg = Debug|Any CPU
		{46D4191C-40B4-4815-8AE6-3EB3A9F1ED57}.Debug|Any CPU.Build.0 = Debug|Any CPU
		{46D4191C-40B4-4815-8AE6-3EB3A9F1ED57}.Debug|Any CPU.Deploy.0 = Debug|Any CPU
		{46D4191C-40B4-4815-8AE6-3EB3A9F1ED57}.Release|Any CPU.ActiveCfg = Release|Any CPU
		{46D4191C-40B4-4815-8AE6-3EB3A9F1ED57}.Release|Any CPU.Build.0 = Release|Any CPU
		{46D4191C-40B4-4815-8AE6-3EB3A9F1ED57}.Release|Any CPU.Deploy.0 = Release|Any CPU
		{F81D23CB-502C-450F-B28E-F733CBE03274}.Debug|Any CPU.ActiveCfg = Debug|Any CPU
		{F81D23CB-502C-450F-B28E-F733CBE03274}.Debug|Any CPU.Build.0 = Debug|Any CPU
		{F81D23CB-502C-450F-B28E-F733CBE03274}.Debug|Any CPU.Deploy.0 = Debug|Any CPU
		{F81D23CB-502C-450F-B28E-F733CBE03274}.Release|Any CPU.ActiveCfg = Release|Any CPU
		{F81D23CB-502C-450F-B28E-F733CBE03274}.Release|Any CPU.Build.0 = Release|Any CPU
		{F81D23CB-502C-450F-B28E-F733CBE03274}.Release|Any CPU.Deploy.0 = Release|Any CPU
	EndGlobalSection
	GlobalSection(SolutionProperties) = preSolution
		HideSolutionNode = FALSE
	EndGlobalSection
	GlobalSection(ExtensibilityGlobals) = postSolution
		SolutionGuid = {21EDF656-760E-4FD7-B94A-700B4187B0A2}
	EndGlobalSection
EndGlobal
