
Microsoft Visual Studio Solution File, Format Version 12.00
# Visual Studio Version 16
VisualStudioVersion = 16.0.30717.126
MinimumVisualStudioVersion = 10.0.40219.1
Project("{FAE04EC0-301F-11D3-BF4B-00C04F79EFBC}") = "Cafe Management", "Cafe Management\Cafe Management.csproj", "{A1758F96-4C26-4429-8207-9830BF090E42}"
EndProject
Global
	GlobalSection(SolutionConfigurationPlatforms) = preSolution
		Debug|Any CPU = Debug|Any CPU
		Release|Any CPU = Release|Any CPU
	EndGlobalSection
	GlobalSection(ProjectConfigurationPlatforms) = postSolution
		{A1758F96-4C26-4429-8207-9830BF090E42}.Debug|Any CPU.ActiveCfg = Debug|Any CPU
		{A1758F96-4C26-4429-8207-9830BF090E42}.Debug|Any CPU.Build.0 = Debug|Any CPU
		{A1758F96-4C26-4429-8207-9830BF090E42}.Release|Any CPU.ActiveCfg = Release|Any CPU
		{A1758F96-4C26-4429-8207-9830BF090E42}.Release|Any CPU.Build.0 = Release|Any CPU
	EndGlobalSection
	GlobalSection(SolutionProperties) = preSolution
		HideSolutionNode = FALSE
	EndGlobalSection
	GlobalSection(ExtensibilityGlobals) = postSolution
		SolutionGuid = {700C3D0B-2880-4D43-BEF7-661F2DEF2B49}
	EndGlobalSection
EndGlobal
